
Microsoft Visual Studio Solution File, Format Version 12.00
# Visual Studio Version 16
VisualStudioVersion = 16.0.29519.181
MinimumVisualStudioVersion = 10.0.40219.1
Project("{FAE04EC0-301F-11D3-BF4B-00C04F79EFBC}") = "Test_Project_IdentityMVC", "Test_Project_IdentityMVC\Test_Project_IdentityMVC.csproj", "{4860B6FC-CBA2-49DE-8FF1-3EE035B4740F}"
EndProject
Global
	GlobalSection(SolutionConfigurationPlatforms) = preSolution
		Debug|Any CPU = Debug|Any CPU
		Release|Any CPU = Release|Any CPU
	EndGlobalSection
	GlobalSection(ProjectConfigurationPlatforms) = postSolution
		{4860B6FC-CBA2-49DE-8FF1-3EE035B4740F}.Debug|Any CPU.ActiveCfg = Debug|Any CPU
		{4860B6FC-CBA2-49DE-8FF1-3EE035B4740F}.Debug|Any CPU.Build.0 = Debug|Any CPU
		{4860B6FC-CBA2-49DE-8FF1-3EE035B4740F}.Release|Any CPU.ActiveCfg = Release|Any CPU
		{4860B6FC-CBA2-49DE-8FF1-3EE035B4740F}.Release|Any CPU.Build.0 = Release|Any CPU
	EndGlobalSection
	GlobalSection(SolutionProperties) = preSolution
		HideSolutionNode = FALSE
	EndGlobalSection
	GlobalSection(ExtensibilityGlobals) = postSolution
		SolutionGuid = {A6EB5CB7-DAB2-4B5B-A62E-F82EAE1470C5}
	EndGlobalSection
EndGlobal
